
Microsoft Visual Studio Solution File, Format Version 12.00
# Visual Studio Version 17
VisualStudioVersion = 17.5.002.0
MinimumVisualStudioVersion = 10.0.40219.1
Project("{9A19103F-16F7-4668-BE54-9A1E7A4F7556}") = "GDSApi", "GDSApi\GDSApi.csproj", "{B8E17891-079B-4936-83A7-EFBA6C92DFF7}"
EndProject
Global
	GlobalSection(SolutionConfigurationPlatforms) = preSolution
		Debug|Any CPU = Debug|Any CPU
		Release|Any CPU = Release|Any CPU
	EndGlobalSection
	GlobalSection(ProjectConfigurationPlatforms) = postSolution
		{B8E17891-079B-4936-83A7-EFBA6C92DFF7}.Debug|Any CPU.ActiveCfg = Debug|Any CPU
		{B8E17891-079B-4936-83A7-EFBA6C92DFF7}.Debug|Any CPU.Build.0 = Debug|Any CPU
		{B8E17891-079B-4936-83A7-EFBA6C92DFF7}.Release|Any CPU.ActiveCfg = Release|Any CPU
		{B8E17891-079B-4936-83A7-EFBA6C92DFF7}.Release|Any CPU.Build.0 = Release|Any CPU
	EndGlobalSection
	GlobalSection(SolutionProperties) = preSolution
		HideSolutionNode = FALSE
	EndGlobalSection
	GlobalSection(ExtensibilityGlobals) = postSolution
		SolutionGuid = {AD6A18A7-E4CA-42A1-93BF-94246F28A927}
	EndGlobalSection
EndGlobal
